
Microsoft Visual Studio Solution File, Format Version 12.00
# Visual Studio Version 16
VisualStudioVersion = 16.0.30413.136
MinimumVisualStudioVersion = 10.0.40219.1
Project("{FAE04EC0-301F-11D3-BF4B-00C04F79EFBC}") = "Validacionesss", "Validacionesss\Validacionesss.csproj", "{4368D674-A293-4C6F-AF26-A96AF1482A25}"
EndProject
Global
	GlobalSection(SolutionConfigurationPlatforms) = preSolution
		Debug|Any CPU = Debug|Any CPU
		Release|Any CPU = Release|Any CPU
	EndGlobalSection
	GlobalSection(ProjectConfigurationPlatforms) = postSolution
		{4368D674-A293-4C6F-AF26-A96AF1482A25}.Debug|Any CPU.ActiveCfg = Debug|Any CPU
		{4368D674-A293-4C6F-AF26-A96AF1482A25}.Debug|Any CPU.Build.0 = Debug|Any CPU
		{4368D674-A293-4C6F-AF26-A96AF1482A25}.Release|Any CPU.ActiveCfg = Release|Any CPU
		{4368D674-A293-4C6F-AF26-A96AF1482A25}.Release|Any CPU.Build.0 = Release|Any CPU
	EndGlobalSection
	GlobalSection(SolutionProperties) = preSolution
		HideSolutionNode = FALSE
	EndGlobalSection
	GlobalSection(ExtensibilityGlobals) = postSolution
		SolutionGuid = {3E1D3644-1E56-4841-9806-EFE3D75FF855}
	EndGlobalSection
EndGlobal
