
Microsoft Visual Studio Solution File, Format Version 12.00
# Visual Studio Version 16
VisualStudioVersion = 16.0.31729.503
MinimumVisualStudioVersion = 10.0.40219.1
Project("{FAE04EC0-301F-11D3-BF4B-00C04F79EFBC}") = "Miguel Aranguren Recuperatorio", "Miguel Aranguren Recuperatorio\Miguel Aranguren Recuperatorio.csproj", "{8DF57D27-3744-4831-BAF1-BBD23DD4C9FB}"
EndProject
Global
	GlobalSection(SolutionConfigurationPlatforms) = preSolution
		Debug|Any CPU = Debug|Any CPU
		Release|Any CPU = Release|Any CPU
	EndGlobalSection
	GlobalSection(ProjectConfigurationPlatforms) = postSolution
		{8DF57D27-3744-4831-BAF1-BBD23DD4C9FB}.Debug|Any CPU.ActiveCfg = Debug|Any CPU
		{8DF57D27-3744-4831-BAF1-BBD23DD4C9FB}.Debug|Any CPU.Build.0 = Debug|Any CPU
		{8DF57D27-3744-4831-BAF1-BBD23DD4C9FB}.Release|Any CPU.ActiveCfg = Release|Any CPU
		{8DF57D27-3744-4831-BAF1-BBD23DD4C9FB}.Release|Any CPU.Build.0 = Release|Any CPU
	EndGlobalSection
	GlobalSection(SolutionProperties) = preSolution
		HideSolutionNode = FALSE
	EndGlobalSection
	GlobalSection(ExtensibilityGlobals) = postSolution
		SolutionGuid = {C6904C2E-84F1-4369-930B-126B6DD91DF9}
	EndGlobalSection
EndGlobal
